{
  "version": "3",
  "packages": {
    "specifiers": {
      "npm:@deno/kv@^0.7.0": "npm:@deno/kv@0.7.0",
      "npm:@deno/kv@^0.8.3": "npm:@deno/kv@0.8.3"
    },
    "npm": {
      "@deno/kv-darwin-arm64@0.7.0": {
        "integrity": "sha512-PaTriht31Rb08TwWdAkmODrLNnGnl9l8nlF/0aae/v7dzJ5FeaoX+0RgxTD+m90quG3ynsdLsY8iCa+st+MkiA==",
        "dependencies": {}
      },
      "@deno/kv-darwin-arm64@0.8.3": {
        "integrity": "sha512-edrjFTXrgo0utTezVbt8IsHIj9OsWJ3RtFl0lEhIfoI/Z1FwHg9wp3+LFOGLuQ8wz5nmnBQIBM3qDeXP7F7eOQ==",
        "dependencies": {}
      },
      "@deno/kv-darwin-x64@0.7.0": {
        "integrity": "sha512-Yw4Gmn6opUJ6ZVuztNaGS4yt11KyJI/juTAyzNiY5H3VhHD7xVm+peG4SGkr6Hq/vXVGcQM3Lldw5b3aJJQYSg==",
        "dependencies": {}
      },
      "@deno/kv-darwin-x64@0.8.3": {
        "integrity": "sha512-fbOWj9Z8MPy05BrHHeJsxEnOzlMEGht5fm0oSG7AM+yqOdbTIR1kZhCseLuCNQI+4G4aOfbl3scOjNZ0xvW/1Q==",
        "dependencies": {}
      },
      "@deno/kv-linux-x64-gnu@0.7.0": {
        "integrity": "sha512-D6xJcx4HSUbgomxGV2lGUgKrRmwHNMmCbu8XRxBjIgpsKrFK1W6w+KitI92wMCgEIOAFAnfeyrYxtMzh2ZdYTw==",
        "dependencies": {}
      },
      "@deno/kv-linux-x64-gnu@0.8.3": {
        "integrity": "sha512-SPIXu9aUsMdyjFFwQaYZfnuB5Hc2TPlwOoDY/Xe6GbITfdqnxZY74W+xgOvnfcAZgQ2wealnNO4B2QFS+qFJcw==",
        "dependencies": {}
      },
      "@deno/kv-win32-x64-msvc@0.7.0": {
        "integrity": "sha512-0UWf6a+T7e/1uOcUgUKTrMupIQSnCI02856ecu9JwutajSvvbSgoi+jpmaUnYW6QqcXjY8ECI/28CQi1DvYYhw==",
        "dependencies": {}
      },
      "@deno/kv-win32-x64-msvc@0.8.3": {
        "integrity": "sha512-x9MLoS/WL/DpTM9xIMOwOA3EdubyXMxyq1aQ4uRWna10sDisfyBmyogPhHp/OFUq0unZigKjsJXrd+Y5UchByQ==",
        "dependencies": {}
      },
      "@deno/kv@0.7.0": {
        "integrity": "sha512-+vYCIWDQq+03RKwh85WDBVplwT7gimcLyLezj6C3OuMwaTWfPy9NVmA5y4Mwpoht0+H4CjknEUE7LrfZJAcQ7w==",
        "dependencies": {
          "@deno/kv-darwin-arm64": "@deno/kv-darwin-arm64@0.7.0",
          "@deno/kv-darwin-x64": "@deno/kv-darwin-x64@0.7.0",
          "@deno/kv-linux-x64-gnu": "@deno/kv-linux-x64-gnu@0.7.0",
          "@deno/kv-win32-x64-msvc": "@deno/kv-win32-x64-msvc@0.7.0"
        }
      },
      "@deno/kv@0.8.3": {
        "integrity": "sha512-FYfPcwdbA3NPC37TeAqDzGt7OvJmiVQfBqRGNu/5I056IevYDq5ApJvKc0NMGBrX1eeVvQjiGejhCcmzN0Ek5A==",
        "dependencies": {
          "@deno/kv-darwin-arm64": "@deno/kv-darwin-arm64@0.8.3",
          "@deno/kv-darwin-x64": "@deno/kv-darwin-x64@0.8.3",
          "@deno/kv-linux-x64-gnu": "@deno/kv-linux-x64-gnu@0.8.3",
          "@deno/kv-win32-x64-msvc": "@deno/kv-win32-x64-msvc@0.8.3"
        }
      }
    }
  },
  "remote": {}
}
