{
  "name": "viewer",
  "version": "1.0.0",
  "lockfileVersion": 3,
  "requires": true,
  "packages": {
    "": {
      "name": "viewer",
      "version": "1.0.0",
      "license": "ISC",
      "dependencies": {
        "@deno/kv": "^0.7.0"
      }
    },
    "node_modules/@deno/kv": {
      "version": "0.7.0",
      "resolved": "https://registry.npmjs.org/@deno/kv/-/kv-0.7.0.tgz",
      "integrity": "sha512-+vYCIWDQq+03RKwh85WDBVplwT7gimcLyLezj6C3OuMwaTWfPy9NVmA5y4Mwpoht0+H4CjknEUE7LrfZJAcQ7w==",
      "optionalDependencies": {
        "@deno/kv-darwin-arm64": "0.7.0",
        "@deno/kv-darwin-x64": "0.7.0",
        "@deno/kv-linux-x64-gnu": "0.7.0",
        "@deno/kv-win32-x64-msvc": "0.7.0"
      }
    },
    "node_modules/@deno/kv-darwin-arm64": {
      "version": "0.7.0",
      "resolved": "https://registry.npmjs.org/@deno/kv-darwin-arm64/-/kv-darwin-arm64-0.7.0.tgz",
      "integrity": "sha512-PaTriht31Rb08TwWdAkmODrLNnGnl9l8nlF/0aae/v7dzJ5FeaoX+0RgxTD+m90quG3ynsdLsY8iCa+st+MkiA==",
      "cpu": [
        "arm64"
      ],
      "optional": true,
      "os": [
        "darwin"
      ],
      "engines": {
        "node": ">= 18"
      }
    },
    "node_modules/@deno/kv-darwin-x64": {
      "version": "0.7.0",
      "resolved": "https://registry.npmjs.org/@deno/kv-darwin-x64/-/kv-darwin-x64-0.7.0.tgz",
      "integrity": "sha512-Yw4Gmn6opUJ6ZVuztNaGS4yt11KyJI/juTAyzNiY5H3VhHD7xVm+peG4SGkr6Hq/vXVGcQM3Lldw5b3aJJQYSg==",
      "cpu": [
        "x64"
      ],
      "optional": true,
      "os": [
        "darwin"
      ],
      "engines": {
        "node": ">= 18"
      }
    },
    "node_modules/@deno/kv-linux-x64-gnu": {
      "version": "0.7.0",
      "resolved": "https://registry.npmjs.org/@deno/kv-linux-x64-gnu/-/kv-linux-x64-gnu-0.7.0.tgz",
      "integrity": "sha512-D6xJcx4HSUbgomxGV2lGUgKrRmwHNMmCbu8XRxBjIgpsKrFK1W6w+KitI92wMCgEIOAFAnfeyrYxtMzh2ZdYTw==",
      "cpu": [
        "x64"
      ],
      "optional": true,
      "os": [
        "linux"
      ],
      "engines": {
        "node": ">= 18"
      }
    },
    "node_modules/@deno/kv-win32-x64-msvc": {
      "version": "0.7.0",
      "resolved": "https://registry.npmjs.org/@deno/kv-win32-x64-msvc/-/kv-win32-x64-msvc-0.7.0.tgz",
      "integrity": "sha512-0UWf6a+T7e/1uOcUgUKTrMupIQSnCI02856ecu9JwutajSvvbSgoi+jpmaUnYW6QqcXjY8ECI/28CQi1DvYYhw==",
      "cpu": [
        "x64"
      ],
      "optional": true,
      "os": [
        "win32"
      ],
      "engines": {
        "node": ">= 18"
      }
    }
  }
}
